
Microsoft Visual Studio Solution File, Format Version 12.00
# Visual Studio Version 16
VisualStudioVersion = 16.0.31515.178
MinimumVisualStudioVersion = 10.0.40219.1
Project("{FAE04EC0-301F-11D3-BF4B-00C04F79EFBC}") = "MvcOnlineCommercialAutomation", "MvcOnlineCommercialAutomation\MvcOnlineCommercialAutomation.csproj", "{0C0CB917-DFFE-4854-A08E-46107467E8DE}"
EndProject
Global
	GlobalSection(SolutionConfigurationPlatforms) = preSolution
		Debug|Any CPU = Debug|Any CPU
		Release|Any CPU = Release|Any CPU
	EndGlobalSection
	GlobalSection(ProjectConfigurationPlatforms) = postSolution
		{0C0CB917-DFFE-4854-A08E-46107467E8DE}.Debug|Any CPU.ActiveCfg = Debug|Any CPU
		{0C0CB917-DFFE-4854-A08E-46107467E8DE}.Debug|Any CPU.Build.0 = Debug|Any CPU
		{0C0CB917-DFFE-4854-A08E-46107467E8DE}.Release|Any CPU.ActiveCfg = Release|Any CPU
		{0C0CB917-DFFE-4854-A08E-46107467E8DE}.Release|Any CPU.Build.0 = Release|Any CPU
	EndGlobalSection
	GlobalSection(SolutionProperties) = preSolution
		HideSolutionNode = FALSE
	EndGlobalSection
	GlobalSection(ExtensibilityGlobals) = postSolution
		SolutionGuid = {0D8614C0-70F8-4366-84C8-26FDA4C97CAA}
	EndGlobalSection
EndGlobal
